
Microsoft Visual Studio Solution File, Format Version 10.00
# Visual Studio 2008
Project("{8BC9CEB8-8B4A-11D0-8D11-00A0C91BC942}") = "generator", "generator.vcproj", "{79132621-1C5D-461A-B041-A95F039E0A1A}"
EndProject
Global
	GlobalSection(SolutionConfigurationPlatforms) = preSolution
		Debug|Win32 = Debug|Win32
		Release|Win32 = Release|Win32
	EndGlobalSection
	GlobalSection(ProjectConfigurationPlatforms) = postSolution
		{79132621-1C5D-461A-B041-A95F039E0A1A}.Debug|Win32.ActiveCfg = Debug|Win32
		{79132621-1C5D-461A-B041-A95F039E0A1A}.Debug|Win32.Build.0 = Debug|Win32
		{79132621-1C5D-461A-B041-A95F039E0A1A}.Release|Win32.ActiveCfg = Release|Win32
		{79132621-1C5D-461A-B041-A95F039E0A1A}.Release|Win32.Build.0 = Release|Win32
	EndGlobalSection
	GlobalSection(SolutionProperties) = preSolution
		HideSolutionNode = FALSE
	EndGlobalSection
EndGlobal
